{
  "name": "vv-http",
  "version": "0.1.10",
  "lockfileVersion": 1,
  "requires": true,
  "dependencies": {
    "@types/node": {
      "version": "13.13.2",
      "resolved": "https://registry.npmjs.org/@types/node/-/node-13.13.2.tgz",
      "integrity": "sha512-LB2R1Oyhpg8gu4SON/mfforE525+Hi/M1ineICEDftqNVTyFg1aRIeGuTvXAoWHc4nbrFncWtJgMmoyRvuGh7A=="
    },
    "vv-shared": {
      "version": "2.0.23",
      "resolved": "https://registry.npmjs.org/vv-shared/-/vv-shared-2.0.23.tgz",
      "integrity": "sha512-YTVQkzY2+2A7z/oAdt4vwKW9F2OVx2Vi/OZY7H0rPkSvNEpdg55x9to6rvXTshQjH6ylJNBdQozFGOndVkwSkQ==",
      "requires": {
        "@types/node": "^13.11.1"
      }
    }
  }
}
